
Microsoft Visual Studio Solution File, Format Version 11.00
# Visual Studio 2010
Project("{FAE04EC0-301F-11D3-BF4B-00C04F79EFBC}") = "WgetRemote", "WgetRemote\WgetRemote.csproj", "{DE19942D-EEB5-42FC-9C18-D2BC28B7A9F8}"
EndProject
Global
	GlobalSection(SolutionConfigurationPlatforms) = preSolution
		Debug|x86 = Debug|x86
		Release|x86 = Release|x86
	EndGlobalSection
	GlobalSection(ProjectConfigurationPlatforms) = postSolution
		{DE19942D-EEB5-42FC-9C18-D2BC28B7A9F8}.Debug|x86.ActiveCfg = Debug|x86
		{DE19942D-EEB5-42FC-9C18-D2BC28B7A9F8}.Debug|x86.Build.0 = Debug|x86
		{DE19942D-EEB5-42FC-9C18-D2BC28B7A9F8}.Release|x86.ActiveCfg = Release|x86
		{DE19942D-EEB5-42FC-9C18-D2BC28B7A9F8}.Release|x86.Build.0 = Release|x86
	EndGlobalSection
	GlobalSection(SolutionProperties) = preSolution
		HideSolutionNode = FALSE
	EndGlobalSection
EndGlobal
